// !$*UTF8*$!
{
	archiveVersion = 1;
	classes = {
	};
	objectVersion = 77;
	objects = {

/* Begin PBXContainerItemProxy section */
		6C1F424C2CB167FF00A21820 /* PBXContainerItemProxy */ = {
			isa = PBXContainerItemProxy;
			containerPortal = 6C1F42332CB167FC00A21820 /* Project object */;
			proxyType = 1;
			remoteGlobalIDString = 6C1F423A2CB167FC00A21820;
			remoteInfo = DeleteConfirmation;
		};
		6C1F42562CB167FF00A21820 /* PBXContainerItemProxy */ = {
			isa = PBXContainerItemProxy;
			containerPortal = 6C1F42332CB167FC00A21820 /* Project object */;
			proxyType = 1;
			remoteGlobalIDString = 6C1F423A2CB167FC00A21820;
			remoteInfo = DeleteConfirmation;
		};
/* End PBXContainerItemProxy section */

/* Begin PBXFileReference section */
		6C1F423B2CB167FC00A21820 /* DeleteConfirmation.app */ = {isa = PBXFileReference; explicitFileType = wrapper.application; includeInIndex = 0; path = DeleteConfirmation.app; sourceTree = BUILT_PRODUCTS_DIR; };
		6C1F424B2CB167FF00A21820 /* DeleteConfirmationTests.xctest */ = {isa = PBXFileReference; explicitFileType = wrapper.cfbundle; includeInIndex = 0; path = DeleteConfirmationTests.xctest; sourceTree = BUILT_PRODUCTS_DIR; };
		6C1F42552CB167FF00A21820 /* DeleteConfirmationUITests.xctest */ = {isa = PBXFileReference; explicitFileType = wrapper.cfbundle; includeInIndex = 0; path = DeleteConfirmationUITests.xctest; sourceTree = BUILT_PRODUCTS_DIR; };
/* End PBXFileReference section */

/* Begin PBXFileSystemSynchronizedRootGroup section */
		6C1F423D2CB167FC00A21820 /* DeleteConfirmation */ = {
			isa = PBXFileSystemSynchronizedRootGroup;
			path = DeleteConfirmation;
			sourceTree = "<group>";
		};
		6C1F424E2CB167FF00A21820 /* DeleteConfirmationTests */ = {
			isa = PBXFileSystemSynchronizedRootGroup;
			path = DeleteConfirmationTests;
			sourceTree = "<group>";
		};
		6C1F42582CB167FF00A21820 /* DeleteConfirmationUITests */ = {
			isa = PBXFileSystemSynchronizedRootGroup;
			path = DeleteConfirmationUITests;
			sourceTree = "<group>";
		};
/* End PBXFileSystemSynchronizedRootGroup section */

/* Begin PBXFrameworksBuildPhase section */
		6C1F42382CB167FC00A21820 /* Frameworks */ = {
			isa = PBXFrameworksBuildPhase;
			buildActionMask = 2147483647;
			files = (
			);
			runOnlyForDeploymentPostprocessing = 0;
		};
		6C1F42482CB167FF00A21820 /* Frameworks */ = {
			isa = PBXFrameworksBuildPhase;
			buildActionMask = 2147483647;
			files = (
			);
			runOnlyForDeploymentPostprocessing = 0;
		};
		6C1F42522CB167FF00A21820 /* Frameworks */ = {
			isa = PBXFrameworksBuildPhase;
			buildActionMask = 2147483647;
			files = (
			);
			runOnlyForDeploymentPostprocessing = 0;
		};
/* End PBXFrameworksBuildPhase section */

/* Begin PBXGroup section */
		6C1F42322CB167FC00A21820 = {
			isa = PBXGroup;
			children = (
				6C1F423D2CB167FC00A21820 /* DeleteConfirmation */,
				6C1F424E2CB167FF00A21820 /* DeleteConfirmationTests */,
				6C1F42582CB167FF00A21820 /* DeleteConfirmationUITests */,
				6C1F423C2CB167FC00A21820 /* Products */,
			);
			sourceTree = "<group>";
		};
		6C1F423C2CB167FC00A21820 /* Products */ = {
			isa = PBXGroup;
			children = (
				6C1F423B2CB167FC00A21820 /* DeleteConfirmation.app */,
				6C1F424B2CB167FF00A21820 /* DeleteConfirmationTests.xctest */,
				6C1F42552CB167FF00A21820 /* DeleteConfirmationUITests.xctest */,
			);
			name = Products;
			sourceTree = "<group>";
		};
/* End PBXGroup section */

/* Begin PBXNativeTarget section */
		6C1F423A2CB167FC00A21820 /* DeleteConfirmation */ = {
			isa = PBXNativeTarget;
			buildConfigurationList = 6C1F425F2CB167FF00A21820 /* Build configuration list for PBXNativeTarget "DeleteConfirmation" */;
			buildPhases = (
				6C1F42372CB167FC00A21820 /* Sources */,
				6C1F42382CB167FC00A21820 /* Frameworks */,
				6C1F42392CB167FC00A21820 /* Resources */,
			);
			buildRules = (
			);
			dependencies = (
			);
			fileSystemSynchronizedGroups = (
				6C1F423D2CB167FC00A21820 /* DeleteConfirmation */,
			);
			name = DeleteConfirmation;
			packageProductDependencies = (
			);
			productName = DeleteConfirmation;
			productReference = 6C1F423B2CB167FC00A21820 /* DeleteConfirmation.app */;
			productType = "com.apple.product-type.application";
		};
		6C1F424A2CB167FF00A21820 /* DeleteConfirmationTests */ = {
			isa = PBXNativeTarget;
			buildConfigurationList = 6C1F42622CB167FF00A21820 /* Build configuration list for PBXNativeTarget "DeleteConfirmationTests" */;
			buildPhases = (
				6C1F42472CB167FF00A21820 /* Sources */,
				6C1F42482CB167FF00A21820 /* Frameworks */,
				6C1F42492CB167FF00A21820 /* Resources */,
			);
			buildRules = (
			);
			dependencies = (
				6C1F424D2CB167FF00A21820 /* PBXTargetDependency */,
			);
			fileSystemSynchronizedGroups = (
				6C1F424E2CB167FF00A21820 /* DeleteConfirmationTests */,
			);
			name = DeleteConfirmationTests;
			packageProductDependencies = (
			);
			productName = DeleteConfirmationTests;
			productReference = 6C1F424B2CB167FF00A21820 /* DeleteConfirmationTests.xctest */;
			productType = "com.apple.product-type.bundle.unit-test";
		};
		6C1F42542CB167FF00A21820 /* DeleteConfirmationUITests */ = {
			isa = PBXNativeTarget;
			buildConfigurationList = 6C1F42652CB167FF00A21820 /* Build configuration list for PBXNativeTarget "DeleteConfirmationUITests" */;
			buildPhases = (
				6C1F42512CB167FF00A21820 /* Sources */,
				6C1F42522CB167FF00A21820 /* Frameworks */,
				6C1F42532CB167FF00A21820 /* Resources */,
			);
			buildRules = (
			);
			dependencies = (
				6C1F42572CB167FF00A21820 /* PBXTargetDependency */,
			);
			fileSystemSynchronizedGroups = (
				6C1F42582CB167FF00A21820 /* DeleteConfirmationUITests */,
			);
			name = DeleteConfirmationUITests;
			packageProductDependencies = (
			);
			productName = DeleteConfirmationUITests;
			productReference = 6C1F42552CB167FF00A21820 /* DeleteConfirmationUITests.xctest */;
			productType = "com.apple.product-type.bundle.ui-testing";
		};
/* End PBXNativeTarget section */

/* Begin PBXProject section */
		6C1F42332CB167FC00A21820 /* Project object */ = {
			isa = PBXProject;
			attributes = {
				BuildIndependentTargetsInParallel = 1;
				LastSwiftUpdateCheck = 1600;
				LastUpgradeCheck = 1600;
				TargetAttributes = {
					6C1F423A2CB167FC00A21820 = {
						CreatedOnToolsVersion = 16.0;
					};
					6C1F424A2CB167FF00A21820 = {
						CreatedOnToolsVersion = 16.0;
						TestTargetID = 6C1F423A2CB167FC00A21820;
					};
					6C1F42542CB167FF00A21820 = {
						CreatedOnToolsVersion = 16.0;
						TestTargetID = 6C1F423A2CB167FC00A21820;
					};
				};
			};
			buildConfigurationList = 6C1F42362CB167FC00A21820 /* Build configuration list for PBXProject "DeleteConfirmation" */;
			developmentRegion = en;
			hasScannedForEncodings = 0;
			knownRegions = (
				en,
				Base,
			);
			mainGroup = 6C1F42322CB167FC00A21820;
			minimizedProjectReferenceProxies = 1;
			preferredProjectObjectVersion = 77;
			productRefGroup = 6C1F423C2CB167FC00A21820 /* Products */;
			projectDirPath = "";
			projectRoot = "";
			targets = (
				6C1F423A2CB167FC00A21820 /* DeleteConfirmation */,
				6C1F424A2CB167FF00A21820 /* DeleteConfirmationTests */,
				6C1F42542CB167FF00A21820 /* DeleteConfirmationUITests */,
			);
		};
/* End PBXProject section */

/* Begin PBXResourcesBuildPhase section */
		6C1F42392CB167FC00A21820 /* Resources */ = {
			isa = PBXResourcesBuildPhase;
			buildActionMask = 2147483647;
			files = (
			);
			runOnlyForDeploymentPostprocessing = 0;
		};
		6C1F42492CB167FF00A21820 /* Resources */ = {
			isa = PBXResourcesBuildPhase;
			buildActionMask = 2147483647;
			files = (
			);
			runOnlyForDeploymentPostprocessing = 0;
		};
		6C1F42532CB167FF00A21820 /* Resources */ = {
			isa = PBXResourcesBuildPhase;
			buildActionMask = 2147483647;
			files = (
			);
			runOnlyForDeploymentPostprocessing = 0;
		};
/* End PBXResourcesBuildPhase section */

/* Begin PBXSourcesBuildPhase section */
		6C1F42372CB167FC00A21820 /* Sources */ = {
			isa = PBXSourcesBuildPhase;
			buildActionMask = 2147483647;
			files = (
			);
			runOnlyForDeploymentPostprocessing = 0;
		};
		6C1F42472CB167FF00A21820 /* Sources */ = {
			isa = PBXSourcesBuildPhase;
			buildActionMask = 2147483647;
			files = (
			);
			runOnlyForDeploymentPostprocessing = 0;
		};
		6C1F42512CB167FF00A21820 /* Sources */ = {
			isa = PBXSourcesBuildPhase;
			buildActionMask = 2147483647;
			files = (
			);
			runOnlyForDeploymentPostprocessing = 0;
		};
/* End PBXSourcesBuildPhase section */

/* Begin PBXTargetDependency section */
		6C1F424D2CB167FF00A21820 /* PBXTargetDependency */ = {
			isa = PBXTargetDependency;
			target = 6C1F423A2CB167FC00A21820 /* DeleteConfirmation */;
			targetProxy = 6C1F424C2CB167FF00A21820 /* PBXContainerItemProxy */;
		};
		6C1F42572CB167FF00A21820 /* PBXTargetDependency */ = {
			isa = PBXTargetDependency;
			target = 6C1F423A2CB167FC00A21820 /* DeleteConfirmation */;
			targetProxy = 6C1F42562CB167FF00A21820 /* PBXContainerItemProxy */;
		};
/* End PBXTargetDependency section */

/* Begin XCBuildConfiguration section */
		6C1F425D2CB167FF00A21820 /* Debug */ = {
			isa = XCBuildConfiguration;
			buildSettings = {
				ALWAYS_SEARCH_USER_PATHS = NO;
				ASSETCATALOG_COMPILER_GENERATE_SWIFT_ASSET_SYMBOL_EXTENSIONS = YES;
				CLANG_ANALYZER_NONNULL = YES;
				CLANG_ANALYZER_NUMBER_OBJECT_CONVERSION = YES_AGGRESSIVE;
				CLANG_CXX_LANGUAGE_STANDARD = "gnu++20";
				CLANG_ENABLE_MODULES = YES;
				CLANG_ENABLE_OBJC_ARC = YES;
				CLANG_ENABLE_OBJC_WEAK = YES;
				CLANG_WARN_BLOCK_CAPTURE_AUTORELEASING = YES;
				CLANG_WARN_BOOL_CONVERSION = YES;
				CLANG_WARN_COMMA = YES;
				CLANG_WARN_CONSTANT_CONVERSION = YES;
				CLANG_WARN_DEPRECATED_OBJC_IMPLEMENTATIONS = YES;
				CLANG_WARN_DIRECT_OBJC_ISA_USAGE = YES_ERROR;
				CLANG_WARN_DOCUMENTATION_COMMENTS = YES;
				CLANG_WARN_EMPTY_BODY = YES;
				CLANG_WARN_ENUM_CONVERSION = YES;
				CLANG_WARN_INFINITE_RECURSION = YES;
				CLANG_WARN_INT_CONVERSION = YES;
				CLANG_WARN_NON_LITERAL_NULL_CONVERSION = YES;
				CLANG_WARN_OBJC_IMPLICIT_RETAIN_SELF = YES;
				CLANG_WARN_OBJC_LITERAL_CONVERSION = YES;
				CLANG_WARN_OBJC_ROOT_CLASS = YES_ERROR;
				CLANG_WARN_QUOTED_INCLUDE_IN_FRAMEWORK_HEADER = YES;
				CLANG_WARN_RANGE_LOOP_ANALYSIS = YES;
				CLANG_WARN_STRICT_PROTOTYPES = YES;
				CLANG_WARN_SUSPICIOUS_MOVE = YES;
				CLANG_WARN_UNGUARDED_AVAILABILITY = YES_AGGRESSIVE;
				CLANG_WARN_UNREACHABLE_CODE = YES;
				CLANG_WARN__DUPLICATE_METHOD_MATCH = YES;
				COPY_PHASE_STRIP = NO;
				DEBUG_INFORMATION_FORMAT = dwarf;
				ENABLE_STRICT_OBJC_MSGSEND = YES;
				ENABLE_TESTABILITY = YES;
				ENABLE_USER_SCRIPT_SANDBOXING = YES;
				GCC_C_LANGUAGE_STANDARD = gnu17;
				GCC_DYNAMIC_NO_PIC = NO;
				GCC_NO_COMMON_BLOCKS = YES;
				GCC_OPTIMIZATION_LEVEL = 0;
				GCC_PREPROCESSOR_DEFINITIONS = (
					"DEBUG=1",
					"$(inherited)",
				);
				GCC_WARN_64_TO_32_BIT_CONVERSION = YES;
				GCC_WARN_ABOUT_RETURN_TYPE = YES_ERROR;
				GCC_WARN_UNDECLARED_SELECTOR = YES;
				GCC_WARN_UNINITIALIZED_AUTOS = YES_AGGRESSIVE;
				GCC_WARN_UNUSED_FUNCTION = YES;
				GCC_WARN_UNUSED_VARIABLE = YES;
				IPHONEOS_DEPLOYMENT_TARGET = 18.0;
				LOCALIZATION_PREFERS_STRING_CATALOGS = YES;
				MTL_ENABLE_DEBUG_INFO = INCLUDE_SOURCE;
				MTL_FAST_MATH = YES;
				ONLY_ACTIVE_ARCH = YES;
				SDKROOT = iphoneos;
				SWIFT_ACTIVE_COMPILATION_CONDITIONS = "DEBUG $(inherited)";
				SWIFT_OPTIMIZATION_LEVEL = "-Onone";
			};
			name = Debug;
		};
		6C1F425E2CB167FF00A21820 /* Release */ = {
			isa = XCBuildConfiguration;
			buildSettings = {
				ALWAYS_SEARCH_USER_PATHS = NO;
				ASSETCATALOG_COMPILER_GENERATE_SWIFT_ASSET_SYMBOL_EXTENSIONS = YES;
				CLANG_ANALYZER_NONNULL = YES;
				CLANG_ANALYZER_NUMBER_OBJECT_CONVERSION = YES_AGGRESSIVE;
				CLANG_CXX_LANGUAGE_STANDARD = "gnu++20";
				CLANG_ENABLE_MODULES = YES;
				CLANG_ENABLE_OBJC_ARC = YES;
				CLANG_ENABLE_OBJC_WEAK = YES;
				CLANG_WARN_BLOCK_CAPTURE_AUTORELEASING = YES;
				CLANG_WARN_BOOL_CONVERSION = YES;
				CLANG_WARN_COMMA = YES;
				CLANG_WARN_CONSTANT_CONVERSION = YES;
				CLANG_WARN_DEPRECATED_OBJC_IMPLEMENTATIONS = YES;
				CLANG_WARN_DIRECT_OBJC_ISA_USAGE = YES_ERROR;
				CLANG_WARN_DOCUMENTATION_COMMENTS = YES;
				CLANG_WARN_EMPTY_BODY = YES;
				CLANG_WARN_ENUM_CONVERSION = YES;
				CLANG_WARN_INFINITE_RECURSION = YES;
				CLANG_WARN_INT_CONVERSION = YES;
				CLANG_WARN_NON_LITERAL_NULL_CONVERSION = YES;
				CLANG_WARN_OBJC_IMPLICIT_RETAIN_SELF = YES;
				CLANG_WARN_OBJC_LITERAL_CONVERSION = YES;
				CLANG_WARN_OBJC_ROOT_CLASS = YES_ERROR;
				CLANG_WARN_QUOTED_INCLUDE_IN_FRAMEWORK_HEADER = YES;
				CLANG_WARN_RANGE_LOOP_ANALYSIS = YES;
				CLANG_WARN_STRICT_PROTOTYPES = YES;
				CLANG_WARN_SUSPICIOUS_MOVE = YES;
				CLANG_WARN_UNGUARDED_AVAILABILITY = YES_AGGRESSIVE;
				CLANG_WARN_UNREACHABLE_CODE = YES;
				CLANG_WARN__DUPLICATE_METHOD_MATCH = YES;
				COPY_PHASE_STRIP = NO;
				DEBUG_INFORMATION_FORMAT = "dwarf-with-dsym";
				ENABLE_NS_ASSERTIONS = NO;
				ENABLE_STRICT_OBJC_MSGSEND = YES;
				ENABLE_USER_SCRIPT_SANDBOXING = YES;
				GCC_C_LANGUAGE_STANDARD = gnu17;
				GCC_NO_COMMON_BLOCKS = YES;
				GCC_WARN_64_TO_32_BIT_CONVERSION = YES;
				GCC_WARN_ABOUT_RETURN_TYPE = YES_ERROR;
				GCC_WARN_UNDECLARED_SELECTOR = YES;
				GCC_WARN_UNINITIALIZED_AUTOS = YES_AGGRESSIVE;
				GCC_WARN_UNUSED_FUNCTION = YES;
				GCC_WARN_UNUSED_VARIABLE = YES;
				IPHONEOS_DEPLOYMENT_TARGET = 18.0;
				LOCALIZATION_PREFERS_STRING_CATALOGS = YES;
				MTL_ENABLE_DEBUG_INFO = NO;
				MTL_FAST_MATH = YES;
				SDKROOT = iphoneos;
				SWIFT_COMPILATION_MODE = wholemodule;
				VALIDATE_PRODUCT = YES;
			};
			name = Release;
		};
		6C1F42602CB167FF00A21820 /* Debug */ = {
			isa = XCBuildConfiguration;
			buildSettings = {
				ASSETCATALOG_COMPILER_APPICON_NAME = AppIcon;
				ASSETCATALOG_COMPILER_GLOBAL_ACCENT_COLOR_NAME = AccentColor;
				CODE_SIGN_STYLE = Automatic;
				CURRENT_PROJECT_VERSION = 1;
				DEVELOPMENT_ASSET_PATHS = "\"DeleteConfirmation/Preview Content\"";
				ENABLE_PREVIEWS = YES;
				GENERATE_INFOPLIST_FILE = YES;
				INFOPLIST_KEY_UIApplicationSceneManifest_Generation = YES;
				INFOPLIST_KEY_UIApplicationSupportsIndirectInputEvents = YES;
				INFOPLIST_KEY_UILaunchScreen_Generation = YES;
				INFOPLIST_KEY_UISupportedInterfaceOrientations_iPad = "UIInterfaceOrientationPortrait UIInterfaceOrientationPortraitUpsideDown UIInterfaceOrientationLandscapeLeft UIInterfaceOrientationLandscapeRight";
				INFOPLIST_KEY_UISupportedInterfaceOrientations_iPhone = "UIInterfaceOrientationPortrait UIInterfaceOrientationLandscapeLeft UIInterfaceOrientationLandscapeRight";
				LD_RUNPATH_SEARCH_PATHS = (
					"$(inherited)",
					"@executable_path/Frameworks",
				);
				MARKETING_VERSION = 1.0;
				PRODUCT_BUNDLE_IDENTIFIER = com.mumukshuware.DeleteConfirmation;
				PRODUCT_NAME = "$(TARGET_NAME)";
				SWIFT_EMIT_LOC_STRINGS = YES;
				SWIFT_VERSION = 5.0;
				TARGETED_DEVICE_FAMILY = "1,2";
			};
			name = Debug;
		};
		6C1F42612CB167FF00A21820 /* Release */ = {
			isa = XCBuildConfiguration;
			buildSettings = {
				ASSETCATALOG_COMPILER_APPICON_NAME = AppIcon;
				ASSETCATALOG_COMPILER_GLOBAL_ACCENT_COLOR_NAME = AccentColor;
				CODE_SIGN_STYLE = Automatic;
				CURRENT_PROJECT_VERSION = 1;
				DEVELOPMENT_ASSET_PATHS = "\"DeleteConfirmation/Preview Content\"";
				ENABLE_PREVIEWS = YES;
				GENERATE_INFOPLIST_FILE = YES;
				INFOPLIST_KEY_UIApplicationSceneManifest_Generation = YES;
				INFOPLIST_KEY_UIApplicationSupportsIndirectInputEvents = YES;
				INFOPLIST_KEY_UILaunchScreen_Generation = YES;
				INFOPLIST_KEY_UISupportedInterfaceOrientations_iPad = "UIInterfaceOrientationPortrait UIInterfaceOrientationPortraitUpsideDown UIInterfaceOrientationLandscapeLeft UIInterfaceOrientationLandscapeRight";
				INFOPLIST_KEY_UISupportedInterfaceOrientations_iPhone = "UIInterfaceOrientationPortrait UIInterfaceOrientationLandscapeLeft UIInterfaceOrientationLandscapeRight";
				LD_RUNPATH_SEARCH_PATHS = (
					"$(inherited)",
					"@executable_path/Frameworks",
				);
				MARKETING_VERSION = 1.0;
				PRODUCT_BUNDLE_IDENTIFIER = com.mumukshuware.DeleteConfirmation;
				PRODUCT_NAME = "$(TARGET_NAME)";
				SWIFT_EMIT_LOC_STRINGS = YES;
				SWIFT_VERSION = 5.0;
				TARGETED_DEVICE_FAMILY = "1,2";
			};
			name = Release;
		};
		6C1F42632CB167FF00A21820 /* Debug */ = {
			isa = XCBuildConfiguration;
			buildSettings = {
				BUNDLE_LOADER = "$(TEST_HOST)";
				CODE_SIGN_STYLE = Automatic;
				CURRENT_PROJECT_VERSION = 1;
				GENERATE_INFOPLIST_FILE = YES;
				IPHONEOS_DEPLOYMENT_TARGET = 18.0;
				MARKETING_VERSION = 1.0;
				PRODUCT_BUNDLE_IDENTIFIER = com.mumukshuware.DeleteConfirmationTests;
				PRODUCT_NAME = "$(TARGET_NAME)";
				SWIFT_EMIT_LOC_STRINGS = NO;
				SWIFT_VERSION = 5.0;
				TARGETED_DEVICE_FAMILY = "1,2";
				TEST_HOST = "$(BUILT_PRODUCTS_DIR)/DeleteConfirmation.app/$(BUNDLE_EXECUTABLE_FOLDER_PATH)/DeleteConfirmation";
			};
			name = Debug;
		};
		6C1F42642CB167FF00A21820 /* Release */ = {
			isa = XCBuildConfiguration;
			buildSettings = {
				BUNDLE_LOADER = "$(TEST_HOST)";
				CODE_SIGN_STYLE = Automatic;
				CURRENT_PROJECT_VERSION = 1;
				GENERATE_INFOPLIST_FILE = YES;
				IPHONEOS_DEPLOYMENT_TARGET = 18.0;
				MARKETING_VERSION = 1.0;
				PRODUCT_BUNDLE_IDENTIFIER = com.mumukshuware.DeleteConfirmationTests;
				PRODUCT_NAME = "$(TARGET_NAME)";
				SWIFT_EMIT_LOC_STRINGS = NO;
				SWIFT_VERSION = 5.0;
				TARGETED_DEVICE_FAMILY = "1,2";
				TEST_HOST = "$(BUILT_PRODUCTS_DIR)/DeleteConfirmation.app/$(BUNDLE_EXECUTABLE_FOLDER_PATH)/DeleteConfirmation";
			};
			name = Release;
		};
		6C1F42662CB167FF00A21820 /* Debug */ = {
			isa = XCBuildConfiguration;
			buildSettings = {
				CODE_SIGN_STYLE = Automatic;
				CURRENT_PROJECT_VERSION = 1;
				GENERATE_INFOPLIST_FILE = YES;
				MARKETING_VERSION = 1.0;
				PRODUCT_BUNDLE_IDENTIFIER = com.mumukshuware.DeleteConfirmationUITests;
				PRODUCT_NAME = "$(TARGET_NAME)";
				SWIFT_EMIT_LOC_STRINGS = NO;
				SWIFT_VERSION = 5.0;
				TARGETED_DEVICE_FAMILY = "1,2";
				TEST_TARGET_NAME = DeleteConfirmation;
			};
			name = Debug;
		};
		6C1F42672CB167FF00A21820 /* Release */ = {
			isa = XCBuildConfiguration;
			buildSettings = {
				CODE_SIGN_STYLE = Automatic;
				CURRENT_PROJECT_VERSION = 1;
				GENERATE_INFOPLIST_FILE = YES;
				MARKETING_VERSION = 1.0;
				PRODUCT_BUNDLE_IDENTIFIER = com.mumukshuware.DeleteConfirmationUITests;
				PRODUCT_NAME = "$(TARGET_NAME)";
				SWIFT_EMIT_LOC_STRINGS = NO;
				SWIFT_VERSION = 5.0;
				TARGETED_DEVICE_FAMILY = "1,2";
				TEST_TARGET_NAME = DeleteConfirmation;
			};
			name = Release;
		};
/* End XCBuildConfiguration section */

/* Begin XCConfigurationList section */
		6C1F42362CB167FC00A21820 /* Build configuration list for PBXProject "DeleteConfirmation" */ = {
			isa = XCConfigurationList;
			buildConfigurations = (
				6C1F425D2CB167FF00A21820 /* Debug */,
				6C1F425E2CB167FF00A21820 /* Release */,
			);
			defaultConfigurationIsVisible = 0;
			defaultConfigurationName = Release;
		};
		6C1F425F2CB167FF00A21820 /* Build configuration list for PBXNativeTarget "DeleteConfirmation" */ = {
			isa = XCConfigurationList;
			buildConfigurations = (
				6C1F42602CB167FF00A21820 /* Debug */,
				6C1F42612CB167FF00A21820 /* Release */,
			);
			defaultConfigurationIsVisible = 0;
			defaultConfigurationName = Release;
		};
		6C1F42622CB167FF00A21820 /* Build configuration list for PBXNativeTarget "DeleteConfirmationTests" */ = {
			isa = XCConfigurationList;
			buildConfigurations = (
				6C1F42632CB167FF00A21820 /* Debug */,
				6C1F42642CB167FF00A21820 /* Release */,
			);
			defaultConfigurationIsVisible = 0;
			defaultConfigurationName = Release;
		};
		6C1F42652CB167FF00A21820 /* Build configuration list for PBXNativeTarget "DeleteConfirmationUITests" */ = {
			isa = XCConfigurationList;
			buildConfigurations = (
				6C1F42662CB167FF00A21820 /* Debug */,
				6C1F42672CB167FF00A21820 /* Release */,
			);
			defaultConfigurationIsVisible = 0;
			defaultConfigurationName = Release;
		};
/* End XCConfigurationList section */
	};
	rootObject = 6C1F42332CB167FC00A21820 /* Project object */;
}
